{
  "version": "2",
  "remote": {
    "https://deno.land/std@0.140.0/_util/assert.ts": "e94f2eb37cebd7f199952e242c77654e43333c1ac4c5c700e929ea3aa5489f74",
    "https://deno.land/std@0.140.0/_util/os.ts": "3b4c6e27febd119d36a416d7a97bd3b0251b77c88942c8f16ee5953ea13e2e49",
    "https://deno.land/std@0.140.0/bytes/bytes_list.ts": "67eb118e0b7891d2f389dad4add35856f4ad5faab46318ff99653456c23b025d",
    "https://deno.land/std@0.140.0/bytes/equals.ts": "fc16dff2090cced02497f16483de123dfa91e591029f985029193dfaa9d894c9",
    "https://deno.land/std@0.140.0/bytes/mod.ts": "763f97d33051cc3f28af1a688dfe2830841192a9fea0cbaa55f927b49d49d0bf",
    "https://deno.land/std@0.140.0/fmt/colors.ts": "30455035d6d728394781c10755351742dd731e3db6771b1843f9b9e490104d37",
    "https://deno.land/std@0.140.0/fs/_util.ts": "0fb24eb4bfebc2c194fb1afdb42b9c3dda12e368f43e8f2321f84fc77d42cb0f",
    "https://deno.land/std@0.140.0/fs/ensure_dir.ts": "9dc109c27df4098b9fc12d949612ae5c9c7169507660dcf9ad90631833209d9d",
    "https://deno.land/std@0.140.0/fs/expand_glob.ts": "0c10130d67c9b02164b03df8e43c6d6defbf8e395cb69d09e84a8586e6d72ac3",
    "https://deno.land/std@0.140.0/fs/walk.ts": "117403ccd21fd322febe56ba06053b1ad5064c802170f19b1ea43214088fe95f",
    "https://deno.land/std@0.140.0/hash/sha256.ts": "803846c7a5a8a5a97f31defeb37d72f519086c880837129934f5d6f72102a8e8",
    "https://deno.land/std@0.140.0/io/buffer.ts": "bd0c4bf53db4b4be916ca5963e454bddfd3fcd45039041ea161dbf826817822b",
    "https://deno.land/std@0.140.0/path/_constants.ts": "df1db3ffa6dd6d1252cc9617e5d72165cd2483df90e93833e13580687b6083c3",
    "https://deno.land/std@0.140.0/path/_interface.ts": "ee3b431a336b80cf445441109d089b70d87d5e248f4f90ff906820889ecf8d09",
    "https://deno.land/std@0.140.0/path/_util.ts": "c1e9686d0164e29f7d880b2158971d805b6e0efc3110d0b3e24e4b8af2190d2b",
    "https://deno.land/std@0.140.0/path/common.ts": "bee563630abd2d97f99d83c96c2fa0cca7cee103e8cb4e7699ec4d5db7bd2633",
    "https://deno.land/std@0.140.0/path/glob.ts": "cb5255638de1048973c3e69e420c77dc04f75755524cb3b2e160fe9277d939ee",
    "https://deno.land/std@0.140.0/path/mod.ts": "d3e68d0abb393fb0bf94a6d07c46ec31dc755b544b13144dee931d8d5f06a52d",
    "https://deno.land/std@0.140.0/path/posix.ts": "293cdaec3ecccec0a9cc2b534302dfe308adb6f10861fa183275d6695faace44",
    "https://deno.land/std@0.140.0/path/separator.ts": "fe1816cb765a8068afb3e8f13ad272351c85cbc739af56dacfc7d93d710fe0f9",
    "https://deno.land/std@0.140.0/path/win32.ts": "31811536855e19ba37a999cd8d1b62078235548d67902ece4aa6b814596dd757",
    "https://deno.land/std@0.140.0/streams/conversion.ts": "712585bfa0172a97fb68dd46e784ae8ad59d11b88079d6a4ab098ff42e697d21",
    "https://deno.land/std@0.145.0/_util/assert.ts": "e94f2eb37cebd7f199952e242c77654e43333c1ac4c5c700e929ea3aa5489f74",
    "https://deno.land/std@0.145.0/bytes/bytes_list.ts": "aba5e2369e77d426b10af1de0dcc4531acecec27f9b9056f4f7bfbf8ac147ab4",
    "https://deno.land/std@0.145.0/bytes/equals.ts": "3c3558c3ae85526f84510aa2b48ab2ad7bdd899e2e0f5b7a8ffc85acb3a6043a",
    "https://deno.land/std@0.145.0/bytes/mod.ts": "763f97d33051cc3f28af1a688dfe2830841192a9fea0cbaa55f927b49d49d0bf",
    "https://deno.land/std@0.145.0/encoding/_yaml/dumper/dumper.ts": "51998d88c46f2720bf6c2d16416873a0501f69ea8648faf270cba41ad54a5580",
    "https://deno.land/std@0.145.0/encoding/_yaml/dumper/dumper_state.ts": "3c1bc8519c1832f0f136856881b97f0b42f64b7968767dbc36b8b0b6cae963dc",
    "https://deno.land/std@0.145.0/encoding/_yaml/error.ts": "6ca899f6d86c6979bce6d7c3a6a8e2a360b09d8b0f55d2e649bd1233604fb7c9",
    "https://deno.land/std@0.145.0/encoding/_yaml/loader/loader.ts": "525bd770f4b4def0465bb134a7b2ac9ab024f439990b60b6188278803c4615b8",
    "https://deno.land/std@0.145.0/encoding/_yaml/loader/loader_state.ts": "59124e56d864274ce4043dca8bf63e937c6e960e4ad120465e424b38f3469b2d",
    "https://deno.land/std@0.145.0/encoding/_yaml/mark.ts": "7f67f43755b2602fefe52012eb3ab627880da97edd0f6c00f916ceb2ddb1b5d1",
    "https://deno.land/std@0.145.0/encoding/_yaml/parse.ts": "8f362dc01401099263d73a4bfa00bc90ea456d202507d62a11dfcfeac74484f5",
    "https://deno.land/std@0.145.0/encoding/_yaml/schema.ts": "83717fbf829f1caba84ff02e468c8792c47491fd202b1d95776ed0d8f58ea559",
    "https://deno.land/std@0.145.0/encoding/_yaml/schema/core.ts": "bcb47a389d596369fbfccf73a6b221ac3ca5440149b4f6df1e707f2efc6854ef",
    "https://deno.land/std@0.145.0/encoding/_yaml/schema/default.ts": "8b6bd9cb1cab07a3397e1cc3843edba6ad40d1bd15687c1f56cd977da834d984",
    "https://deno.land/std@0.145.0/encoding/_yaml/schema/extended.ts": "5e0bfd9a28c7a82ba40fc7ff7890df7469ec85390320349974acbc627ae1be88",
    "https://deno.land/std@0.145.0/encoding/_yaml/schema/failsafe.ts": "7254a9ca0dff8f30377098622812e55c4535aaf352fecb4ec51939e596bd74e7",
    "https://deno.land/std@0.145.0/encoding/_yaml/schema/json.ts": "2205d0d3d3377de56f92ac0f4a82bf561ea0d7b86eb195c9f0c32c7c7871d78f",
    "https://deno.land/std@0.145.0/encoding/_yaml/schema/mod.ts": "6769df6082aceee9849f71168f4353ba4f92e4a2a5a429a422debac13a593d4e",
    "https://deno.land/std@0.145.0/encoding/_yaml/state.ts": "374b8dc170417beccb364e543b25eef73576196f4a526836bb3a621b87a204a3",
    "https://deno.land/std@0.145.0/encoding/_yaml/stringify.ts": "ec15035c1928f96f4e42c0a0e9f3082512e294fd6b8ff6a0403a3ee9282f69aa",
    "https://deno.land/std@0.145.0/encoding/_yaml/type.ts": "95ad0cdbab49343b1527ebc7762c477726c34702438375be6781b44e03e9fcfc",
    "https://deno.land/std@0.145.0/encoding/_yaml/type/binary.ts": "8ae1bdeebe090133b1d1e1ef8427d5ea03f8b6f8944bd2eca578c81330700b0a",
    "https://deno.land/std@0.145.0/encoding/_yaml/type/bool.ts": "95c030531adc3d66a59979dc25c2fcdeb1f58ae40a91d6f9e9a537af0fd2b5a4",
    "https://deno.land/std@0.145.0/encoding/_yaml/type/float.ts": "0c39a6a3bb7cd90178c5bcdeb73a7b6865482db5b8b0495883289a8bc2d541fb",
    "https://deno.land/std@0.145.0/encoding/_yaml/type/function.ts": "b5642dda5ef8d47c0325a2b89a022cbce3be45ba21f8c4f9202364d967c6b3e5",
    "https://deno.land/std@0.145.0/encoding/_yaml/type/int.ts": "7197cba96ad8ad3c596ca34a364dacdf91ef396c462c6c2daecbdec056353f3d",
    "https://deno.land/std@0.145.0/encoding/_yaml/type/map.ts": "78bf5447d2e3f79d59bf7cb63a76ca7797854a0d8e2154c6fd35775c4e5c8c61",
    "https://deno.land/std@0.145.0/encoding/_yaml/type/merge.ts": "094b272e6087c6aef39cd9617fa6603ec934e507faad6c276d293e2734f9b083",
    "https://deno.land/std@0.145.0/encoding/_yaml/type/mod.ts": "b2f267dc0b0296cf8f6109aa129e2cf6d1e1f8c59f8903f0330c18749eca2d3c",
    "https://deno.land/std@0.145.0/encoding/_yaml/type/nil.ts": "1988843acab56e99e883cd047c40cc7fb799b6d335f541f022ae3b914abcbe35",
    "https://deno.land/std@0.145.0/encoding/_yaml/type/omap.ts": "fd3f2f9a8ae634996da84d021353ac8bf4b41e714f2711159d756d0e2f3aabd1",
    "https://deno.land/std@0.145.0/encoding/_yaml/type/pairs.ts": "90736f87b6e39a144205a235d8851f7bebf6bb3835fd03742c30253d5ecd7ec5",
    "https://deno.land/std@0.145.0/encoding/_yaml/type/regexp.ts": "a9e70491fa7ede8689b933d81142aa7635a253733a4df626bd479c55cb64222e",
    "https://deno.land/std@0.145.0/encoding/_yaml/type/seq.ts": "135f37a1b6dcb3688bc0dad0c9dc3a04370b1fc94267960586ea23877ffd3088",
    "https://deno.land/std@0.145.0/encoding/_yaml/type/set.ts": "2937ac0e1ce8c121a4009e74568e341e2a380fdb5f41f16050ce2ca7537b2bd8",
    "https://deno.land/std@0.145.0/encoding/_yaml/type/str.ts": "6420d3a0099d9fbc35861241b7dad65b800ff3909efe71ab71c895326187ab8d",
    "https://deno.land/std@0.145.0/encoding/_yaml/type/timestamp.ts": "3db0667dd9bdc3b3f0e8596fff023e87bc9fca230a545bb67d0bf3b732c1c656",
    "https://deno.land/std@0.145.0/encoding/_yaml/type/undefined.ts": "5b595082d064cf50a3345f5fdda8c02beb0768e9d97d4bd4c53ac81a9f94e185",
    "https://deno.land/std@0.145.0/encoding/_yaml/utils.ts": "c7e6bf055b08fffe700c7cbdfa2939cab7b9676ff75b6dc98d72d41b3b173d37",
    "https://deno.land/std@0.145.0/encoding/front_matter.ts": "d2ac202b10f215cd854f14b2c45c27176e26ac7a1f1142bd791ddb5956265776",
    "https://deno.land/std@0.145.0/encoding/yaml.ts": "6760095814791325684cd146d10d49eef32bc4328a0516bf88fac9dc2cffa423",
    "https://deno.land/std@0.145.0/io/buffer.ts": "bd0c4bf53db4b4be916ca5963e454bddfd3fcd45039041ea161dbf826817822b",
    "https://deno.land/std@0.173.0/_util/asserts.ts": "178dfc49a464aee693a7e285567b3d0b555dc805ff490505a8aae34f9cfb1462",
    "https://deno.land/std@0.173.0/_util/os.ts": "d932f56d41e4f6a6093d56044e29ce637f8dcc43c5a90af43504a889cf1775e3",
    "https://deno.land/std@0.173.0/encoding/base32.ts": "cb15f16e53c580d2491637280302bc6cfeb48f8911521ea9c7895ba513a2bcc5",
    "https://deno.land/std@0.173.0/encoding/jsonc.ts": "02b86115d2b812f26789481ebcf4748171e8ece6514b60243b3733e2c200876a",
    "https://deno.land/std@0.173.0/fs/_util.ts": "65381f341af1ff7f40198cee15c20f59951ac26e51ddc651c5293e24f9ce6f32",
    "https://deno.land/std@0.173.0/fs/copy.ts": "14214efd94fc3aa6db1e4af2b4b9578e50f7362b7f3725d5a14ad259a5df26c8",
    "https://deno.land/std@0.173.0/fs/empty_dir.ts": "c3d2da4c7352fab1cf144a1ecfef58090769e8af633678e0f3fabaef98594688",
    "https://deno.land/std@0.173.0/fs/ensure_dir.ts": "724209875497a6b4628dfb256116e5651c4f7816741368d6c44aab2531a1e603",
    "https://deno.land/std@0.173.0/fs/ensure_file.ts": "c38602670bfaf259d86ca824a94e6cb9e5eb73757fefa4ebf43a90dd017d53d9",
    "https://deno.land/std@0.173.0/fs/ensure_link.ts": "c0f5b2f0ec094ed52b9128eccb1ee23362a617457aa0f699b145d4883f5b2fb4",
    "https://deno.land/std@0.173.0/fs/ensure_symlink.ts": "2955cc8332aeca9bdfefd05d8d3976b94e282b0f353392a71684808ed2ffdd41",
    "https://deno.land/std@0.173.0/fs/eol.ts": "f1f2eb348a750c34500741987b21d65607f352cf7205f48f4319d417fff42842",
    "https://deno.land/std@0.173.0/fs/exists.ts": "b8c8a457b71e9d7f29b9d2f87aad8dba2739cbe637e8926d6ba6e92567875f8e",
    "https://deno.land/std@0.173.0/fs/expand_glob.ts": "45d17e89796a24bd6002e4354eda67b4301bb8ba67d2cac8453cdabccf1d9ab0",
    "https://deno.land/std@0.173.0/fs/mod.ts": "bc3d0acd488cc7b42627044caf47d72019846d459279544e1934418955ba4898",
    "https://deno.land/std@0.173.0/fs/move.ts": "4cb47f880e3f0582c55e71c9f8b1e5e8cfaacb5e84f7390781dd563b7298ec19",
    "https://deno.land/std@0.173.0/fs/walk.ts": "ea95ffa6500c1eda6b365be488c056edc7c883a1db41ef46ec3bf057b1c0fe32",
    "https://deno.land/std@0.173.0/path/_constants.ts": "e49961f6f4f48039c0dfed3c3f93e963ca3d92791c9d478ac5b43183413136e0",
    "https://deno.land/std@0.173.0/path/_interface.ts": "6471159dfbbc357e03882c2266d21ef9afdb1e4aa771b0545e90db58a0ba314b",
    "https://deno.land/std@0.173.0/path/_util.ts": "86c2375a996c1931b2f2ac71fefd5ddf0cf0e579fa4ab12d3e4c552d4223b8d8",
    "https://deno.land/std@0.173.0/path/common.ts": "ee7505ab01fd22de3963b64e46cff31f40de34f9f8de1fff6a1bd2fe79380000",
    "https://deno.land/std@0.173.0/path/glob.ts": "d479e0a695621c94d3fd7fe7abd4f9499caf32a8de13f25073451c6ef420a4e1",
    "https://deno.land/std@0.173.0/path/mod.ts": "4b83694ac500d7d31b0cdafc927080a53dc0c3027eb2895790fb155082b0d232",
    "https://deno.land/std@0.173.0/path/posix.ts": "0874b341c2c6968ca38d323338b8b295ea1dae10fa872a768d812e2e7d634789",
    "https://deno.land/std@0.173.0/path/separator.ts": "0fb679739d0d1d7bf45b68dacfb4ec7563597a902edbaf3c59b50d5bcadd93b1",
    "https://deno.land/std@0.173.0/path/win32.ts": "672942919dd66ce1b8c224e77d3447e2ad8254eaff13fe6946420a9f78fa141e",
    "https://deno.land/std@0.193.0/_util/asserts.ts": "178dfc49a464aee693a7e285567b3d0b555dc805ff490505a8aae34f9cfb1462",
    "https://deno.land/std@0.193.0/_util/os.ts": "d932f56d41e4f6a6093d56044e29ce637f8dcc43c5a90af43504a889cf1775e3",
    "https://deno.land/std@0.193.0/async/abortable.ts": "fd682fa46f3b7b16b4606a5ab52a7ce309434b76f820d3221bdfb862719a15d7",
    "https://deno.land/std@0.193.0/async/deadline.ts": "58f72a3cc0fcb731b2cc055ba046f4b5be3349ff6bf98f2e793c3b969354aab2",
    "https://deno.land/std@0.193.0/async/debounce.ts": "adab11d04ca38d699444ac8a9d9856b4155e8dda2afd07ce78276c01ea5a4332",
    "https://deno.land/std@0.193.0/async/deferred.ts": "42790112f36a75a57db4a96d33974a936deb7b04d25c6084a9fa8a49f135def8",
    "https://deno.land/std@0.193.0/async/delay.ts": "73aa04cec034c84fc748c7be49bb15cac3dd43a57174bfdb7a4aec22c248f0dd",
    "https://deno.land/std@0.193.0/async/mod.ts": "f04344fa21738e5ad6bea37a6bfffd57c617c2d372bb9f9dcfd118a1b622e576",
    "https://deno.land/std@0.193.0/async/mux_async_iterator.ts": "70c7f2ee4e9466161350473ad61cac0b9f115cff4c552eaa7ef9d50c4cbb4cc9",
    "https://deno.land/std@0.193.0/async/pool.ts": "f1b8d3df4d7fd3c73f8cbc91cc2e8b8e950910f1eab94230b443944d7584c657",
    "https://deno.land/std@0.193.0/async/retry.ts": "b1ccf653954a4e52b3d9731e57d18b864e689a7462e78fb20440b11be9905080",
    "https://deno.land/std@0.193.0/async/tee.ts": "47e42d35f622650b02234d43803d0383a89eb4387e1b83b5a40106d18ae36757",
    "https://deno.land/std@0.193.0/crypto/to_hash_string.ts": "6927c768f3e373a1be4a31555a45ccecf7bd413105455cc334ad3f908cfa986f",
    "https://deno.land/std@0.193.0/datetime/constants.ts": "b63a6b702e06fa028fb2ffa25e0cf775e3b21cf7f38e53a6f219e9641894dfbb",
    "https://deno.land/std@0.193.0/encoding/base64.ts": "144ae6234c1fbe5b68666c711dc15b1e9ee2aef6d42b3b4345bf9a6c91d70d0d",
    "https://deno.land/std@0.193.0/encoding/hex.ts": "b4b1a7cb678745b0bf181ed8cf2498c7be00d121a7de244b752fbf9c7d9c48cd",
    "https://deno.land/std@0.193.0/flags/mod.ts": "17f444ddbee43c5487568de0c6a076c7729cfe90d96d2ffcd2b8f8adadafb6e8",
    "https://deno.land/std@0.193.0/fmt/colors.ts": "d67e3cd9f472535241a8e410d33423980bec45047e343577554d3356e1f0ef4e",
    "https://deno.land/std@0.193.0/fs/_util.ts": "fbf57dcdc9f7bc8128d60301eece608246971a7836a3bb1e78da75314f08b978",
    "https://deno.land/std@0.193.0/fs/copy.ts": "14214efd94fc3aa6db1e4af2b4b9578e50f7362b7f3725d5a14ad259a5df26c8",
    "https://deno.land/std@0.193.0/fs/empty_dir.ts": "c3d2da4c7352fab1cf144a1ecfef58090769e8af633678e0f3fabaef98594688",
    "https://deno.land/std@0.193.0/fs/ensure_dir.ts": "dc64c4c75c64721d4e3fb681f1382f803ff3d2868f08563ff923fdd20d071c40",
    "https://deno.land/std@0.193.0/fs/ensure_file.ts": "c38602670bfaf259d86ca824a94e6cb9e5eb73757fefa4ebf43a90dd017d53d9",
    "https://deno.land/std@0.193.0/fs/ensure_link.ts": "c0f5b2f0ec094ed52b9128eccb1ee23362a617457aa0f699b145d4883f5b2fb4",
    "https://deno.land/std@0.193.0/fs/ensure_symlink.ts": "5006ab2f458159c56d689b53b1e48d57e05eeb1eaf64e677f7f76a30bc4fdba1",
    "https://deno.land/std@0.193.0/fs/eol.ts": "f1f2eb348a750c34500741987b21d65607f352cf7205f48f4319d417fff42842",
    "https://deno.land/std@0.193.0/fs/exists.ts": "29c26bca8584a22876be7cb8844f1b6c8fc35e9af514576b78f5c6884d7ed02d",
    "https://deno.land/std@0.193.0/fs/expand_glob.ts": "e4f56259a0a70fe23f05215b00de3ac5e6ba46646ab2a06ebbe9b010f81c972a",
    "https://deno.land/std@0.193.0/fs/mod.ts": "bc3d0acd488cc7b42627044caf47d72019846d459279544e1934418955ba4898",
    "https://deno.land/std@0.193.0/fs/move.ts": "b4f8f46730b40c32ea3c0bc8eb0fd0e8139249a698883c7b3756424cf19785c9",
    "https://deno.land/std@0.193.0/fs/walk.ts": "920be35a7376db6c0b5b1caf1486fb962925e38c9825f90367f8f26b5e5d0897",
    "https://deno.land/std@0.193.0/http/http_status.ts": "8a7bcfe3ac025199ad804075385e57f63d055b2aed539d943ccc277616d6f932",
    "https://deno.land/std@0.193.0/http/server.ts": "1b23463b5b36e4eebc495417f6af47a6f7d52e3294827a1226d2a1aab23d9d20",
    "https://deno.land/std@0.193.0/jsonc/mod.ts": "b88dce28eb3645667caa856538ae2fe87af51410822544a0b45a4177ef3bd7dd",
    "https://deno.land/std@0.193.0/jsonc/parse.ts": "2910e33bc7c3b243e3b6f3a39ce4d6ca84337b277a8df6f2ad2d9e4adbcddc08",
    "https://deno.land/std@0.193.0/media_types/_db.ts": "7606d83e31f23ce1a7968cbaee852810c2cf477903a095696cdc62eaab7ce570",
    "https://deno.land/std@0.193.0/media_types/_util.ts": "916efbd30b6148a716f110e67a4db29d6949bf4048997b754415dd7e42c52378",
    "https://deno.land/std@0.193.0/media_types/content_type.ts": "ad98a5aa2d95f5965b2796072284258710a25e520952376ed432b0937ce743bc",
    "https://deno.land/std@0.193.0/media_types/extension.ts": "a7cd28c9417143387cdfed27d4e8607ebcf5b1ec27eb8473d5b000144689fe65",
    "https://deno.land/std@0.193.0/media_types/extensions_by_type.ts": "43806d6a52a0d6d965ada9d20e60a982feb40bc7a82268178d94edb764694fed",
    "https://deno.land/std@0.193.0/media_types/format_media_type.ts": "f5e1073c05526a6f5a516ac5c5587a1abd043bf1039c71cde1166aa4328c8baf",
    "https://deno.land/std@0.193.0/media_types/get_charset.ts": "18b88274796fda5d353806bf409eb1d2ddb3f004eb4bd311662c4cdd8ac173db",
    "https://deno.land/std@0.193.0/media_types/mod.ts": "d3f0b99f85053bc0b98ecc24eaa3546dfa09b856dc0bbaf60d8956d2cdd710c8",
    "https://deno.land/std@0.193.0/media_types/parse_media_type.ts": "835c4112e1357e95b4f10d7cdea5ae1801967e444f48673ff8f1cb4d32af9920",
    "https://deno.land/std@0.193.0/media_types/type_by_extension.ts": "daa801eb0f11cdf199445d0f1b656cf116d47dcf9e5b85cc1e6b4469f5ee0432",
    "https://deno.land/std@0.193.0/media_types/vendor/mime-db.v1.52.0.ts": "6925bbcae81ca37241e3f55908d0505724358cda3384eaea707773b2c7e99586",
    "https://deno.land/std@0.193.0/path/_constants.ts": "e49961f6f4f48039c0dfed3c3f93e963ca3d92791c9d478ac5b43183413136e0",
    "https://deno.land/std@0.193.0/path/_interface.ts": "6471159dfbbc357e03882c2266d21ef9afdb1e4aa771b0545e90db58a0ba314b",
    "https://deno.land/std@0.193.0/path/_util.ts": "d7abb1e0dea065f427b89156e28cdeb32b045870acdf865833ba808a73b576d0",
    "https://deno.land/std@0.193.0/path/common.ts": "ee7505ab01fd22de3963b64e46cff31f40de34f9f8de1fff6a1bd2fe79380000",
    "https://deno.land/std@0.193.0/path/glob.ts": "d479e0a695621c94d3fd7fe7abd4f9499caf32a8de13f25073451c6ef420a4e1",
    "https://deno.land/std@0.193.0/path/mod.ts": "f065032a7189404fdac3ad1a1551a9ac84751d2f25c431e101787846c86c79ef",
    "https://deno.land/std@0.193.0/path/posix.ts": "8b7c67ac338714b30c816079303d0285dd24af6b284f7ad63da5b27372a2c94d",
    "https://deno.land/std@0.193.0/path/separator.ts": "0fb679739d0d1d7bf45b68dacfb4ec7563597a902edbaf3c59b50d5bcadd93b1",
    "https://deno.land/std@0.193.0/path/win32.ts": "d186344e5583bcbf8b18af416d13d82b35a317116e6460a5a3953508c3de5bba",
    "https://deno.land/std@0.193.0/regexp/escape.ts": "f5955d785245f6910c262ea2f0a284d2be7a76c54929c3f15f4df8d2a623f1d5",
    "https://deno.land/std@0.193.0/semver/_shared.ts": "8547ccf91b36c30fb2a8a17d7081df13f4ae694c4aa44c39799eba69ad0dcb23",
    "https://deno.land/std@0.193.0/semver/cmp.ts": "4faca58ad459a8c7663ac84ed8410fb5cf932042969f5c25d285f319456d55c1",
    "https://deno.land/std@0.193.0/semver/comparator_format.ts": "329e05d914c064590ded4801fc601bf1c5d0f461c5524b1578e10f180551ef6f",
    "https://deno.land/std@0.193.0/semver/comparator_intersects.ts": "61920121a6c1600306dbcf8944c4cc55e45c3a1bdbefe41b79a0884bf02d9e1b",
    "https://deno.land/std@0.193.0/semver/comparator_max.ts": "f4cc5f528abd8aab68c66bbead732e3c59102b13a318cd8e4f8a47aa3debec76",
    "https://deno.land/std@0.193.0/semver/comparator_min.ts": "eea382428ebf0c50168f780898df8519c88da5a10d1f8babbfebdc89fb75942e",
    "https://deno.land/std@0.193.0/semver/compare.ts": "503bb7b0ca67b722a0a8a5570486c20eb27ed9bc2316f25699fbd6317a3233ac",
    "https://deno.land/std@0.193.0/semver/compare_build.ts": "dc315387ffba691206be83bb4195dff23af6df9983cf8dfb91c29e3f62b9bdca",
    "https://deno.land/std@0.193.0/semver/constants.ts": "bb0c7652c433c7ec1dad5bf18c7e7e1557efe9ddfd5e70aa6305153e76dc318c",
    "https://deno.land/std@0.193.0/semver/difference.ts": "b86b72f75308c0ab78a41bc676bdca0d933d75e0be8b06dafdc393689e70497f",
    "https://deno.land/std@0.193.0/semver/eq.ts": "b8fc7184507423a2448f4b052fc4d9090bf316807b3c9c930afc3775d7a3f3a5",
    "https://deno.land/std@0.193.0/semver/format.ts": "236cc8b5d2e8031258dcff3ca89e14ba926434d5b789730e2c781db172e76bd9",
    "https://deno.land/std@0.193.0/semver/gt.ts": "2f20b21456179b3ac034656a09b5c259bf52dc2626a941ca038be5d201c415be",
    "https://deno.land/std@0.193.0/semver/gte.ts": "d1ed0195a2b38ef0df586374eac4ad860d3b7e181ec1683e734912ce795aaddb",
    "https://deno.land/std@0.193.0/semver/gtr.ts": "b0442acf1d52ceb337ec4f82afaa0da3b5251a9a08f4f0b8839ca4629d617078",
    "https://deno.land/std@0.193.0/semver/increment.ts": "e41ffc906ea1d57e66987aa1b18ba1d0223d6fb0cd806448d012e4f8117e8513",
    "https://deno.land/std@0.193.0/semver/is_semver.ts": "0257f596d8ee33796bd2e46347e0c31030e55b3719bc72fe5258a1e9f9c7e227",
    "https://deno.land/std@0.193.0/semver/is_semver_comparator.ts": "120ad68896e3481dbcda81ddd914c10d3fc891fe62cc99028cb69ebfa6c1427c",
    "https://deno.land/std@0.193.0/semver/is_semver_range.ts": "0ea096e1edcb8e95200d3bee549c97b53e93ac60d4c2b3601ad7a01f27a0f4da",
    "https://deno.land/std@0.193.0/semver/lt.ts": "c8711ffa1c40a3f98921b9bf0d80b59970d8cbc0a12696ebccacf6bccfa9dcc8",
    "https://deno.land/std@0.193.0/semver/lte.ts": "721e5f9d353ecea757c1d5d42f4f6699d46cd24cdbd45b2bf88efdf82c0eaac4",
    "https://deno.land/std@0.193.0/semver/ltr.ts": "2a10f426605408adcb6cb62e65e871eb6b235d74cbcc2160e58207751e7ca11d",
    "https://deno.land/std@0.193.0/semver/max_satisfying.ts": "a8c550100582a9ad2f68026edef8a5ed09debbda0a65d28dceea302508aee41a",
    "https://deno.land/std@0.193.0/semver/min_satisfying.ts": "04331cc956f55bc6d14f911ff2561dbab81e1218bfe6a080fe520b999e33e693",
    "https://deno.land/std@0.193.0/semver/mod.ts": "79eaeb8015f3f34a34b1e2a98f524dbd5a9a5d7fa1d977cdfc5d6157965e8920",
    "https://deno.land/std@0.193.0/semver/neq.ts": "c4116ac01149c4c090bdb5da2bbf946d1f9d74634c97486f3d7e55e75bb35bb0",
    "https://deno.land/std@0.193.0/semver/outside.ts": "3ca074513c6f5ac4b3e9c0eda2deb3a83cdfcecc589f1ec69786d41f47885a89",
    "https://deno.land/std@0.193.0/semver/parse.ts": "190dab1b5231da1fa6ec40567f58550209e7304dcb655fd8ae46eb7c2966a82b",
    "https://deno.land/std@0.193.0/semver/parse_comparator.ts": "f07f9be8322b1f61a36b94c3c65a0dc4124958ee54cf744c92ca4028bf156d5e",
    "https://deno.land/std@0.193.0/semver/parse_range.ts": "39a18608a8026004b218ef383e7ae624a9e663b82327948c1810f16d875113c2",
    "https://deno.land/std@0.193.0/semver/range_format.ts": "3de31fd0b74dd565e052840e73a8e9ee1d9d289ca60b85749167710b978cc078",
    "https://deno.land/std@0.193.0/semver/range_intersects.ts": "e646300d9a10868ae51dc70399c1eee31a503f24610506146eadbeac6bcc6777",
    "https://deno.land/std@0.193.0/semver/range_max.ts": "9c10c65bbc7796347ce6f765a77865cead88870d17481ac78259400a2378af2e",
    "https://deno.land/std@0.193.0/semver/range_min.ts": "b7849e70e0b0677b382eddaa822b6690521449a659c5b8ec84cbd438f6e6ca59",
    "https://deno.land/std@0.193.0/semver/rcompare.ts": "fe4e95bf671bd119df89bc4dd9ceb3fdcc95bad543a78fa3b8ae67ce6b54bc03",
    "https://deno.land/std@0.193.0/semver/rsort.ts": "d4bfa2b9fffa6e1afddeead68c7cb470ed932b3846acf45eccde2b46be021644",
    "https://deno.land/std@0.193.0/semver/sort.ts": "301d18f7f96f9e46bb6d0327d3d97579fa2d49558c185a0a5035b8e6fbd4a73b",
    "https://deno.land/std@0.193.0/semver/test_comparator.ts": "eff5394cb82d133ed18f96fe547de7e7264bf0d25d16cbc6126664aa06ef8f37",
    "https://deno.land/std@0.193.0/semver/test_range.ts": "b236c276268e92bbbc65e7c4b4b6b685ea6b4534a71b2525b53093d094f631c6",
    "https://deno.land/std@0.193.0/semver/try_parse.ts": "fc7eeafc18686563b0cc35b518eda57690e513e634527a0ff48c600ba7798ce4",
    "https://deno.land/std@0.193.0/semver/try_parse_range.ts": "49be2271c4c07374fc2d986d5212fab7bb1f49daa485141e9bedd78d851ca5ca",
    "https://deno.land/std@0.193.0/semver/types.ts": "d44f442c2f27dd89bd6695b369e310b80549746f03c38f241fe28a83b33dd429",
    "https://deno.land/x/code_block_writer@11.0.3/mod.ts": "2c3448060e47c9d08604c8f40dee34343f553f33edcdfebbf648442be33205e5",
    "https://deno.land/x/code_block_writer@11.0.3/utils/string_utils.ts": "60cb4ec8bd335bf241ef785ccec51e809d576ff8e8d29da43d2273b69ce2a6ff",
    "https://deno.land/x/deno_cache@0.4.1/auth_tokens.ts": "5fee7e9155e78cedf3f6ff3efacffdb76ac1a76c86978658d9066d4fb0f7326e",
    "https://deno.land/x/deno_cache@0.4.1/cache.ts": "51f72f4299411193d780faac8c09d4e8cbee951f541121ef75fcc0e94e64c195",
    "https://deno.land/x/deno_cache@0.4.1/deno_dir.ts": "f2a9044ce8c7fe1109004cda6be96bf98b08f478ce77e7a07f866eff1bdd933f",
    "https://deno.land/x/deno_cache@0.4.1/deps.ts": "8974097d6c17e65d9a82d39377ae8af7d94d74c25c0cbb5855d2920e063f2343",
    "https://deno.land/x/deno_cache@0.4.1/dirs.ts": "d2fa473ef490a74f2dcb5abb4b9ab92a48d2b5b6320875df2dee64851fa64aa9",
    "https://deno.land/x/deno_cache@0.4.1/disk_cache.ts": "1f3f5232cba4c56412d93bdb324c624e95d5dd179d0578d2121e3ccdf55539f9",
    "https://deno.land/x/deno_cache@0.4.1/file_fetcher.ts": "07a6c5f8fd94bf50a116278cc6012b4921c70d2251d98ce1c9f3c352135c39f7",
    "https://deno.land/x/deno_cache@0.4.1/http_cache.ts": "f632e0d6ec4a5d61ae3987737a72caf5fcdb93670d21032ddb78df41131360cd",
    "https://deno.land/x/deno_cache@0.4.1/mod.ts": "ef1cda9235a93b89cb175fe648372fc0f785add2a43aa29126567a05e3e36195",
    "https://deno.land/x/deno_cache@0.4.1/util.ts": "8cb686526f4be5205b92c819ca2ce82220aa0a8dd3613ef0913f6dc269dbbcfe",
    "https://deno.land/x/denoflate@1.2.1/mod.ts": "f5628e44b80b3d80ed525afa2ba0f12408e3849db817d47a883b801f9ce69dd6",
    "https://deno.land/x/denoflate@1.2.1/pkg/denoflate.js": "b9f9ad9457d3f12f28b1fb35c555f57443427f74decb403113d67364e4f2caf4",
    "https://deno.land/x/denoflate@1.2.1/pkg/denoflate_bg.wasm.js": "d581956245407a2115a3d7e8d85a9641c032940a8e810acbd59ca86afd34d44d",
    "https://deno.land/x/emoji@0.1.2/all.ts": "f308ed6af940c3df7436a80dc8d016c3dcc16c3890a12724cf7e043a9e489a29",
    "https://deno.land/x/emoji@0.1.2/emoji.ts": "e6aa205846a805bca29466d82d24476c9e8aecbee0e477b845d332786c2b1770",
    "https://deno.land/x/emoji@0.1.2/mod.ts": "e466029cda15415de960c53797b739e3034d9e56774895b34a534e054e6f4076",
    "https://deno.land/x/emoji@0.1.2/unicode.ts": "ac8079e8e1da66ae9e601c1fdd0e7641120c2b07ca7bd2875e65fe23e16e6199",
    "https://deno.land/x/esbuild@v0.18.11/mod.js": "4938b0ef456e068ab23643f166a2761619045e297d8ced1ae3de5f017ed2ecef",
    "https://deno.land/x/esbuild@v0.18.11/wasm.js": "8a4fce99c0b42c1bdabef483cd400f9064cb438738d99cb1a04fe3055350f89d",
    "https://deno.land/x/esbuild_deno_loader@0.8.1/deps.ts": "987b50a1a921fcc84ddfcf1a1256cb955f6b16acac28a3fc77901c12c0752173",
    "https://deno.land/x/esbuild_deno_loader@0.8.1/mod.ts": "28524460bef46d487221b01ade6ed913d2e127de7eeee025ab75b34b491283da",
    "https://deno.land/x/esbuild_deno_loader@0.8.1/src/deno.ts": "b0af3e430c068f18c6fa48c2083a1b4354b6c303e16fb37855e02fcafb95f36d",
    "https://deno.land/x/esbuild_deno_loader@0.8.1/src/loader_native.ts": "0289d8708f47c876d6a4280592a8a12bb2d29676fedf25ddf222ecd6a1bb0bd8",
    "https://deno.land/x/esbuild_deno_loader@0.8.1/src/loader_portable.ts": "d999f452ef3d8ec2dd3c8443f542adf57efc8a2cd59b29cc41f5b3d7dff512e5",
    "https://deno.land/x/esbuild_deno_loader@0.8.1/src/plugin_deno_loader.ts": "166356133ee63d80e5559a10c18e10b625da96e39a4518b8c7adfef718bb4e32",
    "https://deno.land/x/esbuild_deno_loader@0.8.1/src/plugin_deno_resolver.ts": "0449ed23ae93db1ec74d015a46934aefd7ba7a8f719f7a4980b616cb3f5bbee4",
    "https://deno.land/x/esbuild_deno_loader@0.8.1/src/shared.ts": "33052684aeb542ebd24da372816bbbf885cd090a7ab0fde7770801f7f5b49572",
    "https://deno.land/x/fresh@1.3.1/dev.ts": "a66c7d64be35bcd6a8e12eec9c27ae335044c70363a241f2e36ee776db468622",
    "https://deno.land/x/fresh@1.3.1/plugins/twind.ts": "b20ab6004318eb56538976c49b23c125560845650cf2b2d69b463c31b16da06f",
    "https://deno.land/x/fresh@1.3.1/plugins/twind/shared.ts": "1b5bb9e6ab2844e432e5063ee50ec6010040e460ec86daeac3ab3d2e1b3c9fe3",
    "https://deno.land/x/fresh@1.3.1/runtime.ts": "b02ec1e2e32cf73a33d262b7c9dcab9468ce16cd89fd424196c71003698a4ab0",
    "https://deno.land/x/fresh@1.3.1/server.ts": "f379c9aad24471a71e58fb887fa57e5cc27ad9df035987eb260541c78df38e84",
    "https://deno.land/x/fresh@1.3.1/src/build/deps.ts": "e6f52b4d8814cd40db62f98f78ad050b232d7fac79b4df586429408d14456f23",
    "https://deno.land/x/fresh@1.3.1/src/build/esbuild.ts": "2f9c03086afdcea8f6fac30231497b879543a00ec76092b58a303ea87c28ec8f",
    "https://deno.land/x/fresh@1.3.1/src/build/mod.ts": "95d2d99b7d31adfa10896599bdd21c67b3eac0d077e7a39fc637f812196538c3",
    "https://deno.land/x/fresh@1.3.1/src/dev/deps.ts": "c445140991ee7c28b9c55cc6c85ca430b5d0286c7eb2d6ee5cd5069af052cd4f",
    "https://deno.land/x/fresh@1.3.1/src/dev/error.ts": "21a38d240c00279662e6adde41367f1da0ae7e2836d993f818ea94aabab53e7b",
    "https://deno.land/x/fresh@1.3.1/src/dev/mod.ts": "c2329b9b5a9d302e8121624ab9ad9a42c3951c62cd2cf5a73240e2fdb71aace7",
    "https://deno.land/x/fresh@1.3.1/src/dev/update_check.ts": "25db15d070338b898f836e840eed049031116910dac80c617b358d0086265092",
    "https://deno.land/x/fresh@1.3.1/src/runtime/build_id.ts": "8376e70e42ce456dfa6932c638409d2ef1bca4833b4ceba0bf74510080a7f976",
    "https://deno.land/x/fresh@1.3.1/src/runtime/csp.ts": "9ee900e9b0b786057b1009da5976298c202d1b86d1f1e4d2510bde5f06530ac9",
    "https://deno.land/x/fresh@1.3.1/src/runtime/deserializer.ts": "8f11e04f9671741442b9512cc0617bef3edf22a60620c78b05097143a83cfe6e",
    "https://deno.land/x/fresh@1.3.1/src/runtime/head.ts": "0f9932874497ab6e57ed1ba01d549e843523df4a5d36ef97460e7a43e3132fdc",
    "https://deno.land/x/fresh@1.3.1/src/runtime/utils.ts": "9f6ef9125891490b34ba3567c8ab43deaf378855b1ccc857c4626d1f6797a868",
    "https://deno.land/x/fresh@1.3.1/src/server/build_id.ts": "e7448a3e4c040d906aeaa5dedf6657d67742199bbf4741c55d11410c100cbcef",
    "https://deno.land/x/fresh@1.3.1/src/server/constants.ts": "498b1a0f001b6b56bb67524b764605d742a7450fd53edce0a6e04a0463b383b3",
    "https://deno.land/x/fresh@1.3.1/src/server/context.ts": "8b96698abf9db8075f9b8058a1d447c6ef960048a22051452a4679c962f6b83c",
    "https://deno.land/x/fresh@1.3.1/src/server/default_error_page.ts": "c512f91c9b93540923f0ce0ee4a4af748066d3317e9d8077e5203727c4cb015f",
    "https://deno.land/x/fresh@1.3.1/src/server/deps.ts": "b9e147f7196fb7a731454e68e52506797ca5452acd95615e93e441261db3d4b5",
    "https://deno.land/x/fresh@1.3.1/src/server/htmlescape.ts": "834ac7d0caa9fc38dffd9b8613fb47aeecd4f22d5d70c51d4b20a310c085835c",
    "https://deno.land/x/fresh@1.3.1/src/server/mod.ts": "21c2702da562ad3d831fc3723f2364d6977ab29b6687f928016f0cf58efe9d08",
    "https://deno.land/x/fresh@1.3.1/src/server/render.ts": "ad394702dc2cac4f93a6a51a447838361d530f134fb77fab022c947916e00f82",
    "https://deno.land/x/fresh@1.3.1/src/server/router.ts": "7829ac51fce737b03568315779c3b9bc52e6f0f13aa4e082e71d44e5d1390dfd",
    "https://deno.land/x/fresh@1.3.1/src/server/serializer.ts": "45916ddf18c765b9711c28f7c1cde111125329dd6e9909213adc2807debaf7b6",
    "https://deno.land/x/fresh@1.3.1/src/server/types.ts": "f82a2145d0562e763da173754ffbf6a07ea9ad7af7c588c80e73526988618cc8",
    "https://deno.land/x/fresh@1.3.1/versions.json": "4531024f957c885e371996f68ee25baff8d69cba4724ef3453a8517271ae7b59",
    "https://deno.land/x/gfm@0.1.22/deps.ts": "40d2c2846d5f2a92cc81401099f39f26fc541af000a01ac0dede689646843365",
    "https://deno.land/x/gfm@0.1.22/mod.ts": "cd48d4d317e55f76ed0d45895142f7960af1dd8581abb92de9fec67e12cd1666",
    "https://deno.land/x/gfm@0.1.22/style.js": "8f64515cd70d9446ba6eea180e8203757e1c93920e4fd261d626f57aa0178be3",
    "https://deno.land/x/importmap@0.2.1/_util.ts": "ada9a9618b537e6c0316c048a898352396c882b9f2de38aba18fd3f2950ede89",
    "https://deno.land/x/importmap@0.2.1/mod.ts": "ae3d1cd7eabd18c01a4960d57db471126b020f23b37ef14e1359bbb949227ade",
    "https://deno.land/x/ts_morph@17.0.1/common/DenoRuntime.ts": "537800e840d0994f9055164e11bf33eadf96419246af0d3c453793c3ae67bdb3",
    "https://deno.land/x/ts_morph@17.0.1/common/mod.ts": "01985d2ee7da8d1caee318a9d07664774fbee4e31602bc2bb6bb62c3489555ed",
    "https://deno.land/x/ts_morph@17.0.1/common/ts_morph_common.js": "49a79124b941ba2b35d81ac9eb90fc33c957b2640cdb97569c1941bac5a3bbdb",
    "https://deno.land/x/ts_morph@17.0.1/common/typescript.js": "5dd669eb199ee2a539924c63a92e23d95df43dfe2fbe3a9d68c871648be1ad5e",
    "https://deno.land/x/ts_morph@17.0.1/mod.ts": "adba9b82f24865d15d2c78ef6074b9a7457011719056c9928c800f130a617c93",
    "https://deno.land/x/ts_morph@17.0.1/ts_morph.js": "1bb80284b9e31a4c5c2078cd533fe9b12b4b2d710267055cb655225aa88fb2df",
    "https://esm.sh/*preact-render-to-string@5.2.4": "064def76f0751850ad846ef30c6eb54795560cf276e3aa391f944843cfcbd039",
    "https://esm.sh/*preact-render-to-string@6.2.0": "088287ffa32254b536ea31537a5a3997cfdaa1cb74f23c54e2ef8b9f82f2f5e9",
    "https://esm.sh/he@1.2.0": "669b282aa95653d792e9b8611b50763b7c5943798dc353fb8633c8ab0f0be31f",
    "https://esm.sh/marked@4.0.12": "f21293c04653302446e43be7556c42c0ae7bd1f0be9901bc58764228ca2f804d",
    "https://esm.sh/preact@10.11.0": "77448ee5496a75e3bcc8ee3100674db178aaf153d5c2e4694286e7d5b9d8b5ef",
    "https://esm.sh/preact@10.11.0/debug": "dc10d3262c87e29e9cea9d0ba33b0ebbb63a55353c0a08e6367d5e7d16d8a0ec",
    "https://esm.sh/preact@10.11.0/hooks": "6b0413e615b920acb198d423912cfd3a952e937564cc8fd4d0ae93fd0b84543e",
    "https://esm.sh/preact@10.11.0/jsx-runtime": "95dbf4878c7c4d1daab077f86e8313b1c2324e447b2ccb9c8d783d554174bc75",
    "https://esm.sh/preact@10.15.1": "2b79349676a4942fbcf835c4efa909791c2f0aeca195225bf22bac9866e94b4e",
    "https://esm.sh/preact@10.15.1/debug": "7d1c92309880a87bfb95be85705d984401b27808db31adbd008ee4bed2553c1a",
    "https://esm.sh/preact@10.15.1/hooks": "b57df1fdf7e4f917ea1e3133ae0fccc6af4577ae950e708855226493c2236bdd",
    "https://esm.sh/preact@10.15.1/jsx-runtime": "3a6250cbda44a43ba01c1c0bc8a79ff8cae167be322d24903483f3b367fe5709",
    "https://esm.sh/prismjs@1.27.0": "9964b88a6c098223b2cc14a22fb11acf48604e32c0ed5f0499c0929805705771",
    "https://esm.sh/sanitize-html@2.7.0": "16ae56068a0d3009a19fba5efb60d869a7789f75fcded49eb453bf69a69ffc3d",
    "https://esm.sh/stable/preact@10.11.0/denonext/debug.js": "c4648f64516c6cbd45d290c28098516aaa41e3d3e180c52ae913cbb9920f8b28",
    "https://esm.sh/stable/preact@10.11.0/denonext/devtools.js": "04c4d215268dffef1023c8b8ed47ddc4d79807338053cb1c11b8a914519ead29",
    "https://esm.sh/stable/preact@10.11.0/denonext/hooks.js": "8353911c6f4ab0e0c8ac0f4421ece58730f2ac701a995721f73ca13b10d553f6",
    "https://esm.sh/stable/preact@10.11.0/denonext/jsx-runtime.js": "03c711c4a0eaf1489d807db5611a94f4e34e9c25763c0da060014964ff95c80b",
    "https://esm.sh/stable/preact@10.11.0/denonext/preact.mjs": "71306b68971e656b4c8bff31e261528c4fe14bf87f8e65f214b671f45bef2d31",
    "https://esm.sh/stable/preact@10.15.1/denonext/debug.js": "e8e5e198bd48c93d484c91c4c78af1900bd81d9bfcfd543e8ac75216f5404c10",
    "https://esm.sh/stable/preact@10.15.1/denonext/devtools.js": "9357ad4ccf9ec29ee9a0401876d749177c400da4bbcdcffa9be3b212409702a6",
    "https://esm.sh/stable/preact@10.15.1/denonext/hooks.js": "5c989ad368cf4f2cb3a5d7d1801843d9348c599fe3e7731d04728f7b845d724e",
    "https://esm.sh/stable/preact@10.15.1/denonext/jsx-runtime.js": "52806054f5b3477005ab4bdc17de3d219ccc6c130d0cd803c45667b0cac2f6ed",
    "https://esm.sh/stable/preact@10.15.1/denonext/preact.mjs": "30710ac1d5ff3711ae0c04eddbeb706f34f82d97489f61aaf09897bc75d2a628",
    "https://esm.sh/twind@0.16.17": "59ef716134ce3377638d1e9f8c059af905772ecac71dc126e30b53ef12e46c30",
    "https://esm.sh/twind@0.16.17/colors": "7e0c715f159401c4a6c3c9594b53fbb512c751b40de0ed4defafd6dc720f6766",
    "https://esm.sh/twind@0.16.17/sheets": "d9bccb6e4857adc5a28420886cad0063a27e5f65e4b0a3bdebfa93138fad28a0",
    "https://esm.sh/v126/deepmerge@4.3.1/denonext/deepmerge.mjs": "08481570f6011601fe4b827bffb00cdea632e55c923c44485d8719e8ab77b7c9",
    "https://esm.sh/v126/dom-serializer@1.4.1/denonext/dom-serializer.mjs": "b64c5d4663ccb4e73eccfb07e133ad3cb1ba7a9b48bbf24bed8469f846e28867",
    "https://esm.sh/v126/domelementtype@2.3.0/denonext/domelementtype.mjs": "371936c356d5ac797f2ce3a66b98dfc73e6fff0e095b2858b85668e6ad7d10e0",
    "https://esm.sh/v126/domhandler@4.3.1/denonext/domhandler.mjs": "64dbecc352bb5b3e300c326d7c9b999bcd790da092ddfd1a8879107b1fe7d7e3",
    "https://esm.sh/v126/domutils@2.8.0/denonext/domutils.mjs": "193815666ca00934564e1db6761d52ba6c513d7a32ce641ab0b94c34f9461ced",
    "https://esm.sh/v126/entities@2.2.0/denonext/entities.mjs": "61e97e8bba1d3bf2f5242870a835f129efb2cc7e3a511588cab5b8ce2f20ad3f",
    "https://esm.sh/v126/entities@2.2.0/denonext/lib/decode_codepoint.js": "ab57a823acfbac78b9edf82fe8dba1f29db73ce4849a5d5a96054509e52752f4",
    "https://esm.sh/v126/entities@2.2.0/denonext/lib/maps/entities.json.js": "beb583b520a74f437f8c8e8253f6d31217d2849d666827986a9229a5057108b9",
    "https://esm.sh/v126/entities@2.2.0/denonext/lib/maps/legacy.json.js": "c74f610eadd830b6b619da006810e090ce6cd8055b091cef2cad73c75c02b17e",
    "https://esm.sh/v126/entities@2.2.0/denonext/lib/maps/xml.json.js": "937ec2a06ad2beaeb20b3ca285dcb2775fc4db34a119354ef24dd0bc02399beb",
    "https://esm.sh/v126/escape-string-regexp@4.0.0/denonext/escape-string-regexp.mjs": "4bebd5b21a97ea88f1b93f2851c077053d3cc323ac2b2eefc835ff3d7dab8ae9",
    "https://esm.sh/v126/he@1.2.0/denonext/he.mjs": "e03dd3aebe230bfbffbc301a16230c079c268f6c763f0e31eb8f99f8ccba4529",
    "https://esm.sh/v126/htmlparser2@6.1.0/denonext/htmlparser2.mjs": "660dc1e3289d5f2dc0aaba80aefaff3ce58838d262b9dc4c7512faed00cb2a60",
    "https://esm.sh/v126/is-plain-object@5.0.0/denonext/is-plain-object.mjs": "6d9568ddc8b90de99a46c63e14984810280b6b021dc4e478803b3c240811985f",
    "https://esm.sh/v126/marked@4.0.12/denonext/marked.mjs": "d700e8acd5cd6888e7cde9ac3783a18ed65eaeda5587949671967b377e595daf",
    "https://esm.sh/v126/nanoid@3.3.6/denonext/non-secure.js": "9339526d48828770370eba72bf719a40b74de0e1197d8a582c15fbd9ab837d3d",
    "https://esm.sh/v126/parse-srcset@1.0.2/denonext/parse-srcset.mjs": "79b825d12a392cca8b39a53f6189e4f6d8c81612bbed7e3bb7946195d5264737",
    "https://esm.sh/v126/picocolors@1.0.0/denonext/picocolors.mjs": "5d53d745955947dce84f82222cfd00fd021239fcbe9336c6bbfe34ed2f40886c",
    "https://esm.sh/v126/postcss@8.4.24/denonext/postcss.mjs": "dcbfd84c79086479b4140ad728aa143b13af27a340181bbd0030e7be47dc1b9c",
    "https://esm.sh/v126/preact-render-to-string@5.2.4/X-ZS8q/denonext/preact-render-to-string.mjs": "ae62c9891446ff5975d8534ef3ee60478b7fa7e0f645fbef2a62ba46f28c6a4a",
    "https://esm.sh/v126/prismjs@1.27.0/denonext/prismjs.mjs": "ecfafa0768ced5b1831aa87dd60c42b71d46032531ca7d2ef40f3853dd2ffba4",
    "https://esm.sh/v126/sanitize-html@2.7.0/denonext/sanitize-html.mjs": "e38b40a165eb783d592b20eb6ec47789688dd66e7de5bd7ecfeb1a4cd35c7443",
    "https://esm.sh/v126/source-map-js@1.0.2/denonext/source-map-js.mjs": "81ed2d1f28bd08a762f6819d5b366285a1bacf4b5c3757d866c79e4950529bfd",
    "https://esm.sh/v126/style-vendorizer@2.2.3/denonext/style-vendorizer.mjs": "121455e7b04b631ef6463ce63cdcd29febd74d88c37713c774ceca8a1561c83d",
    "https://esm.sh/v126/twind@0.16.17/denonext/colors.js": "bd0d2b2695534768cd2c60c93b2f0b3d34ac92d6f00a38c0d416b44ffd87aa9a",
    "https://esm.sh/v126/twind@0.16.17/denonext/sheets.js": "2903e4706310977e97d39560c1ef0938097e746b8aa7b0c4503a96c5b6abd2e5",
    "https://esm.sh/v126/twind@0.16.17/denonext/twind.mjs": "c1a4cc09dbd352fe66f85b97e6b361643ffe0e4245a7369642a801fbbe44fffd",
    "https://esm.sh/v128/preact-render-to-string@6.2.0/X-ZS8q/denonext/preact-render-to-string.mjs": "835eb2413a25f1142bcb87ea4df7d85bb3dbf48569ec3aa693b80a618cec3706"
  }
}
